
Microsoft Visual Studio Solution File, Format Version 12.00
# Visual Studio Version 16
VisualStudioVersion = 16.0.30204.135
MinimumVisualStudioVersion = 10.0.40219.1
Project("{FAE04EC0-301F-11D3-BF4B-00C04F79EFBC}") = "OOP_Auto", "OOP_Auto\OOP_Auto.csproj", "{2C533B3E-F4AC-4B8A-AB09-D4A216E25CE1}"
EndProject
Global
	GlobalSection(SolutionConfigurationPlatforms) = preSolution
		Debug|Any CPU = Debug|Any CPU
		Release|Any CPU = Release|Any CPU
	EndGlobalSection
	GlobalSection(ProjectConfigurationPlatforms) = postSolution
		{2C533B3E-F4AC-4B8A-AB09-D4A216E25CE1}.Debug|Any CPU.ActiveCfg = Debug|Any CPU
		{2C533B3E-F4AC-4B8A-AB09-D4A216E25CE1}.Debug|Any CPU.Build.0 = Debug|Any CPU
		{2C533B3E-F4AC-4B8A-AB09-D4A216E25CE1}.Release|Any CPU.ActiveCfg = Release|Any CPU
		{2C533B3E-F4AC-4B8A-AB09-D4A216E25CE1}.Release|Any CPU.Build.0 = Release|Any CPU
	EndGlobalSection
	GlobalSection(SolutionProperties) = preSolution
		HideSolutionNode = FALSE
	EndGlobalSection
	GlobalSection(ExtensibilityGlobals) = postSolution
		SolutionGuid = {AA1CB399-5BC6-4BE2-BCA8-31192640774A}
	EndGlobalSection
EndGlobal
